// !$*UTF8*$!
{
	archiveVersion = 1;
	classes = {
	};
	objectVersion = 50;
	objects = {

/* Begin PBXBuildFile section */
		D26ACDCA287FA39D00E1EFA8 /* ConwaysLifeApp.swift in Sources */ = {isa = PBXBuildFile; fileRef = D26ACDC9287FA39D00E1EFA8 /* ConwaysLifeApp.swift */; };
		D26ACDCC287FA39D00E1EFA8 /* ConwaysLifeContentView.swift in Sources */ = {isa = PBXBuildFile; fileRef = D26ACDCB287FA39D00E1EFA8 /* ConwaysLifeContentView.swift */; };
		D26ACDCE287FA39F00E1EFA8 /* Assets.xcassets in Resources */ = {isa = PBXBuildFile; fileRef = D26ACDCD287FA39F00E1EFA8 /* Assets.xcassets */; };
		D26ACDD1287FA39F00E1EFA8 /* Preview Assets.xcassets in Resources */ = {isa = PBXBuildFile; fileRef = D26ACDD0287FA39F00E1EFA8 /* Preview Assets.xcassets */; };
		D26ACDDC287FA3A000E1EFA8 /* ConwaysLifeTests.swift in Sources */ = {isa = PBXBuildFile; fileRef = D26ACDDB287FA3A000E1EFA8 /* ConwaysLifeTests.swift */; };
		D26ACDE7287FA3A000E1EFA8 /* ConwaysLifeUITests.swift in Sources */ = {isa = PBXBuildFile; fileRef = D26ACDE6287FA3A000E1EFA8 /* ConwaysLifeUITests.swift */; };
		D2C20C93288000CE00FDB8B4 /* seedData.json in Resources */ = {isa = PBXBuildFile; fileRef = D2C20C92288000CE00FDB8B4 /* seedData.json */; };
		D2C20CA22880BBF600FDB8B4 /* ConwaysCell.swift in Sources */ = {isa = PBXBuildFile; fileRef = D2C20CA12880BBF600FDB8B4 /* ConwaysCell.swift */; };
		D2C20CA72880BC1A00FDB8B4 /* ConwaysCellStore.swift in Sources */ = {isa = PBXBuildFile; fileRef = D2C20CA62880BC1A00FDB8B4 /* ConwaysCellStore.swift */; };
/* End PBXBuildFile section */

/* Begin PBXContainerItemProxy section */
		D26ACDD8287FA3A000E1EFA8 /* PBXContainerItemProxy */ = {
			isa = PBXContainerItemProxy;
			containerPortal = D26ACDBE287FA39D00E1EFA8 /* Project object */;
			proxyType = 1;
			remoteGlobalIDString = D26ACDC5287FA39D00E1EFA8;
			remoteInfo = ConwaysLife;
		};
		D26ACDE3287FA3A000E1EFA8 /* PBXContainerItemProxy */ = {
			isa = PBXContainerItemProxy;
			containerPortal = D26ACDBE287FA39D00E1EFA8 /* Project object */;
			proxyType = 1;
			remoteGlobalIDString = D26ACDC5287FA39D00E1EFA8;
			remoteInfo = ConwaysLife;
		};
/* End PBXContainerItemProxy section */

/* Begin PBXFileReference section */
		D26ACDC6287FA39D00E1EFA8 /* ConwaysLife.app */ = {isa = PBXFileReference; explicitFileType = wrapper.application; includeInIndex = 0; path = ConwaysLife.app; sourceTree = BUILT_PRODUCTS_DIR; };
		D26ACDC9287FA39D00E1EFA8 /* ConwaysLifeApp.swift */ = {isa = PBXFileReference; lastKnownFileType = sourcecode.swift; path = ConwaysLifeApp.swift; sourceTree = "<group>"; };
		D26ACDCB287FA39D00E1EFA8 /* ConwaysLifeContentView.swift */ = {isa = PBXFileReference; lastKnownFileType = sourcecode.swift; path = ConwaysLifeContentView.swift; sourceTree = "<group>"; };
		D26ACDCD287FA39F00E1EFA8 /* Assets.xcassets */ = {isa = PBXFileReference; lastKnownFileType = folder.assetcatalog; path = Assets.xcassets; sourceTree = "<group>"; };
		D26ACDD0287FA39F00E1EFA8 /* Preview Assets.xcassets */ = {isa = PBXFileReference; lastKnownFileType = folder.assetcatalog; path = "Preview Assets.xcassets"; sourceTree = "<group>"; };
		D26ACDD2287FA39F00E1EFA8 /* Info.plist */ = {isa = PBXFileReference; lastKnownFileType = text.plist.xml; path = Info.plist; sourceTree = "<group>"; };
		D26ACDD7287FA3A000E1EFA8 /* ConwaysLifeTests.xctest */ = {isa = PBXFileReference; explicitFileType = wrapper.cfbundle; includeInIndex = 0; path = ConwaysLifeTests.xctest; sourceTree = BUILT_PRODUCTS_DIR; };
		D26ACDDB287FA3A000E1EFA8 /* ConwaysLifeTests.swift */ = {isa = PBXFileReference; lastKnownFileType = sourcecode.swift; path = ConwaysLifeTests.swift; sourceTree = "<group>"; };
		D26ACDDD287FA3A000E1EFA8 /* Info.plist */ = {isa = PBXFileReference; lastKnownFileType = text.plist.xml; path = Info.plist; sourceTree = "<group>"; };
		D26ACDE2287FA3A000E1EFA8 /* ConwaysLifeUITests.xctest */ = {isa = PBXFileReference; explicitFileType = wrapper.cfbundle; includeInIndex = 0; path = ConwaysLifeUITests.xctest; sourceTree = BUILT_PRODUCTS_DIR; };
		D26ACDE6287FA3A000E1EFA8 /* ConwaysLifeUITests.swift */ = {isa = PBXFileReference; lastKnownFileType = sourcecode.swift; path = ConwaysLifeUITests.swift; sourceTree = "<group>"; };
		D26ACDE8287FA3A000E1EFA8 /* Info.plist */ = {isa = PBXFileReference; lastKnownFileType = text.plist.xml; path = Info.plist; sourceTree = "<group>"; };
		D2C20C92288000CE00FDB8B4 /* seedData.json */ = {isa = PBXFileReference; lastKnownFileType = text.json; path = seedData.json; sourceTree = "<group>"; };
		D2C20CA12880BBF600FDB8B4 /* ConwaysCell.swift */ = {isa = PBXFileReference; fileEncoding = 4; lastKnownFileType = sourcecode.swift; name = ConwaysCell.swift; path = Models/ConwaysCell.swift; sourceTree = "<group>"; };
		D2C20CA62880BC1A00FDB8B4 /* ConwaysCellStore.swift */ = {isa = PBXFileReference; lastKnownFileType = sourcecode.swift; name = ConwaysCellStore.swift; path = Coordinators/ConwaysCellStore.swift; sourceTree = "<group>"; };
/* End PBXFileReference section */

/* Begin PBXFrameworksBuildPhase section */
		D26ACDC3287FA39D00E1EFA8 /* Frameworks */ = {
			isa = PBXFrameworksBuildPhase;
			buildActionMask = 2147483647;
			files = (
			);
			runOnlyForDeploymentPostprocessing = 0;
		};
		D26ACDD4287FA3A000E1EFA8 /* Frameworks */ = {
			isa = PBXFrameworksBuildPhase;
			buildActionMask = 2147483647;
			files = (
			);
			runOnlyForDeploymentPostprocessing = 0;
		};
		D26ACDDF287FA3A000E1EFA8 /* Frameworks */ = {
			isa = PBXFrameworksBuildPhase;
			buildActionMask = 2147483647;
			files = (
			);
			runOnlyForDeploymentPostprocessing = 0;
		};
/* End PBXFrameworksBuildPhase section */

/* Begin PBXGroup section */
		D26ACDBD287FA39D00E1EFA8 = {
			isa = PBXGroup;
			children = (
				D26ACDC8287FA39D00E1EFA8 /* ConwaysLife */,
				D26ACDDA287FA3A000E1EFA8 /* ConwaysLifeTests */,
				D26ACDE5287FA3A000E1EFA8 /* ConwaysLifeUITests */,
				D26ACDC7287FA39D00E1EFA8 /* Products */,
			);
			sourceTree = "<group>";
		};
		D26ACDC7287FA39D00E1EFA8 /* Products */ = {
			isa = PBXGroup;
			children = (
				D26ACDC6287FA39D00E1EFA8 /* ConwaysLife.app */,
				D26ACDD7287FA3A000E1EFA8 /* ConwaysLifeTests.xctest */,
				D26ACDE2287FA3A000E1EFA8 /* ConwaysLifeUITests.xctest */,
			);
			name = Products;
			sourceTree = "<group>";
		};
		D26ACDC8287FA39D00E1EFA8 /* ConwaysLife */ = {
			isa = PBXGroup;
			children = (
				D2C20C982880BB8B00FDB8B4 /* Coordinators */,
				D2C20C972880BB8000FDB8B4 /* Models */,
				D26ACDC9287FA39D00E1EFA8 /* ConwaysLifeApp.swift */,
				D26ACDCB287FA39D00E1EFA8 /* ConwaysLifeContentView.swift */,
				D2C20C92288000CE00FDB8B4 /* seedData.json */,
				D26ACDCD287FA39F00E1EFA8 /* Assets.xcassets */,
				D26ACDD2287FA39F00E1EFA8 /* Info.plist */,
				D26ACDCF287FA39F00E1EFA8 /* Preview Content */,
			);
			path = ConwaysLife;
			sourceTree = "<group>";
		};
		D26ACDCF287FA39F00E1EFA8 /* Preview Content */ = {
			isa = PBXGroup;
			children = (
				D26ACDD0287FA39F00E1EFA8 /* Preview Assets.xcassets */,
			);
			path = "Preview Content";
			sourceTree = "<group>";
		};
		D26ACDDA287FA3A000E1EFA8 /* ConwaysLifeTests */ = {
			isa = PBXGroup;
			children = (
				D26ACDDB287FA3A000E1EFA8 /* ConwaysLifeTests.swift */,
				D26ACDDD287FA3A000E1EFA8 /* Info.plist */,
			);
			path = ConwaysLifeTests;
			sourceTree = "<group>";
		};
		D26ACDE5287FA3A000E1EFA8 /* ConwaysLifeUITests */ = {
			isa = PBXGroup;
			children = (
				D26ACDE6287FA3A000E1EFA8 /* ConwaysLifeUITests.swift */,
				D26ACDE8287FA3A000E1EFA8 /* Info.plist */,
			);
			path = ConwaysLifeUITests;
			sourceTree = "<group>";
		};
		D2C20C972880BB8000FDB8B4 /* Models */ = {
			isa = PBXGroup;
			children = (
				D2C20CA12880BBF600FDB8B4 /* ConwaysCell.swift */,
			);
			name = Models;
			sourceTree = "<group>";
		};
		D2C20C982880BB8B00FDB8B4 /* Coordinators */ = {
			isa = PBXGroup;
			children = (
				D2C20CA62880BC1A00FDB8B4 /* ConwaysCellStore.swift */,
			);
			name = Coordinators;
			sourceTree = "<group>";
		};
/* End PBXGroup section */

/* Begin PBXNativeTarget section */
		D26ACDC5287FA39D00E1EFA8 /* ConwaysLife */ = {
			isa = PBXNativeTarget;
			buildConfigurationList = D26ACDEB287FA3A000E1EFA8 /* Build configuration list for PBXNativeTarget "ConwaysLife" */;
			buildPhases = (
				D26ACDC2287FA39D00E1EFA8 /* Sources */,
				D26ACDC3287FA39D00E1EFA8 /* Frameworks */,
				D26ACDC4287FA39D00E1EFA8 /* Resources */,
			);
			buildRules = (
			);
			dependencies = (
			);
			name = ConwaysLife;
			productName = ConwaysLife;
			productReference = D26ACDC6287FA39D00E1EFA8 /* ConwaysLife.app */;
			productType = "com.apple.product-type.application";
		};
		D26ACDD6287FA3A000E1EFA8 /* ConwaysLifeTests */ = {
			isa = PBXNativeTarget;
			buildConfigurationList = D26ACDEE287FA3A000E1EFA8 /* Build configuration list for PBXNativeTarget "ConwaysLifeTests" */;
			buildPhases = (
				D26ACDD3287FA3A000E1EFA8 /* Sources */,
				D26ACDD4287FA3A000E1EFA8 /* Frameworks */,
				D26ACDD5287FA3A000E1EFA8 /* Resources */,
			);
			buildRules = (
			);
			dependencies = (
				D26ACDD9287FA3A000E1EFA8 /* PBXTargetDependency */,
			);
			name = ConwaysLifeTests;
			productName = ConwaysLifeTests;
			productReference = D26ACDD7287FA3A000E1EFA8 /* ConwaysLifeTests.xctest */;
			productType = "com.apple.product-type.bundle.unit-test";
		};
		D26ACDE1287FA3A000E1EFA8 /* ConwaysLifeUITests */ = {
			isa = PBXNativeTarget;
			buildConfigurationList = D26ACDF1287FA3A000E1EFA8 /* Build configuration list for PBXNativeTarget "ConwaysLifeUITests" */;
			buildPhases = (
				D26ACDDE287FA3A000E1EFA8 /* Sources */,
				D26ACDDF287FA3A000E1EFA8 /* Frameworks */,
				D26ACDE0287FA3A000E1EFA8 /* Resources */,
			);
			buildRules = (
			);
			dependencies = (
				D26ACDE4287FA3A000E1EFA8 /* PBXTargetDependency */,
			);
			name = ConwaysLifeUITests;
			productName = ConwaysLifeUITests;
			productReference = D26ACDE2287FA3A000E1EFA8 /* ConwaysLifeUITests.xctest */;
			productType = "com.apple.product-type.bundle.ui-testing";
		};
/* End PBXNativeTarget section */

/* Begin PBXProject section */
		D26ACDBE287FA39D00E1EFA8 /* Project object */ = {
			isa = PBXProject;
			attributes = {
				LastSwiftUpdateCheck = 1240;
				LastUpgradeCheck = 1240;
				TargetAttributes = {
					D26ACDC5287FA39D00E1EFA8 = {
						CreatedOnToolsVersion = 12.4;
					};
					D26ACDD6287FA3A000E1EFA8 = {
						CreatedOnToolsVersion = 12.4;
						TestTargetID = D26ACDC5287FA39D00E1EFA8;
					};
					D26ACDE1287FA3A000E1EFA8 = {
						CreatedOnToolsVersion = 12.4;
						TestTargetID = D26ACDC5287FA39D00E1EFA8;
					};
				};
			};
			buildConfigurationList = D26ACDC1287FA39D00E1EFA8 /* Build configuration list for PBXProject "ConwaysLife" */;
			compatibilityVersion = "Xcode 9.3";
			developmentRegion = en;
			hasScannedForEncodings = 0;
			knownRegions = (
				en,
				Base,
			);
			mainGroup = D26ACDBD287FA39D00E1EFA8;
			productRefGroup = D26ACDC7287FA39D00E1EFA8 /* Products */;
			projectDirPath = "";
			projectRoot = "";
			targets = (
				D26ACDC5287FA39D00E1EFA8 /* ConwaysLife */,
				D26ACDD6287FA3A000E1EFA8 /* ConwaysLifeTests */,
				D26ACDE1287FA3A000E1EFA8 /* ConwaysLifeUITests */,
			);
		};
/* End PBXProject section */

/* Begin PBXResourcesBuildPhase section */
		D26ACDC4287FA39D00E1EFA8 /* Resources */ = {
			isa = PBXResourcesBuildPhase;
			buildActionMask = 2147483647;
			files = (
				D2C20C93288000CE00FDB8B4 /* seedData.json in Resources */,
				D26ACDD1287FA39F00E1EFA8 /* Preview Assets.xcassets in Resources */,
				D26ACDCE287FA39F00E1EFA8 /* Assets.xcassets in Resources */,
			);
			runOnlyForDeploymentPostprocessing = 0;
		};
		D26ACDD5287FA3A000E1EFA8 /* Resources */ = {
			isa = PBXResourcesBuildPhase;
			buildActionMask = 2147483647;
			files = (
			);
			runOnlyForDeploymentPostprocessing = 0;
		};
		D26ACDE0287FA3A000E1EFA8 /* Resources */ = {
			isa = PBXResourcesBuildPhase;
			buildActionMask = 2147483647;
			files = (
			);
			runOnlyForDeploymentPostprocessing = 0;
		};
/* End PBXResourcesBuildPhase section */

/* Begin PBXSourcesBuildPhase section */
		D26ACDC2287FA39D00E1EFA8 /* Sources */ = {
			isa = PBXSourcesBuildPhase;
			buildActionMask = 2147483647;
			files = (
				D2C20CA22880BBF600FDB8B4 /* ConwaysCell.swift in Sources */,
				D26ACDCC287FA39D00E1EFA8 /* ConwaysLifeContentView.swift in Sources */,
				D2C20CA72880BC1A00FDB8B4 /* ConwaysCellStore.swift in Sources */,
				D26ACDCA287FA39D00E1EFA8 /* ConwaysLifeApp.swift in Sources */,
			);
			runOnlyForDeploymentPostprocessing = 0;
		};
		D26ACDD3287FA3A000E1EFA8 /* Sources */ = {
			isa = PBXSourcesBuildPhase;
			buildActionMask = 2147483647;
			files = (
				D26ACDDC287FA3A000E1EFA8 /* ConwaysLifeTests.swift in Sources */,
			);
			runOnlyForDeploymentPostprocessing = 0;
		};
		D26ACDDE287FA3A000E1EFA8 /* Sources */ = {
			isa = PBXSourcesBuildPhase;
			buildActionMask = 2147483647;
			files = (
				D26ACDE7287FA3A000E1EFA8 /* ConwaysLifeUITests.swift in Sources */,
			);
			runOnlyForDeploymentPostprocessing = 0;
		};
/* End PBXSourcesBuildPhase section */

/* Begin PBXTargetDependency section */
		D26ACDD9287FA3A000E1EFA8 /* PBXTargetDependency */ = {
			isa = PBXTargetDependency;
			target = D26ACDC5287FA39D00E1EFA8 /* ConwaysLife */;
			targetProxy = D26ACDD8287FA3A000E1EFA8 /* PBXContainerItemProxy */;
		};
		D26ACDE4287FA3A000E1EFA8 /* PBXTargetDependency */ = {
			isa = PBXTargetDependency;
			target = D26ACDC5287FA39D00E1EFA8 /* ConwaysLife */;
			targetProxy = D26ACDE3287FA3A000E1EFA8 /* PBXContainerItemProxy */;
		};
/* End PBXTargetDependency section */

/* Begin XCBuildConfiguration section */
		D26ACDE9287FA3A000E1EFA8 /* Debug */ = {
			isa = XCBuildConfiguration;
			buildSettings = {
				ALWAYS_SEARCH_USER_PATHS = NO;
				CLANG_ANALYZER_NONNULL = YES;
				CLANG_ANALYZER_NUMBER_OBJECT_CONVERSION = YES_AGGRESSIVE;
				CLANG_CXX_LANGUAGE_STANDARD = "gnu++14";
				CLANG_CXX_LIBRARY = "libc++";
				CLANG_ENABLE_MODULES = YES;
				CLANG_ENABLE_OBJC_ARC = YES;
				CLANG_ENABLE_OBJC_WEAK = YES;
				CLANG_WARN_BLOCK_CAPTURE_AUTORELEASING = YES;
				CLANG_WARN_BOOL_CONVERSION = YES;
				CLANG_WARN_COMMA = YES;
				CLANG_WARN_CONSTANT_CONVERSION = YES;
				CLANG_WARN_DEPRECATED_OBJC_IMPLEMENTATIONS = YES;
				CLANG_WARN_DIRECT_OBJC_ISA_USAGE = YES_ERROR;
				CLANG_WARN_DOCUMENTATION_COMMENTS = YES;
				CLANG_WARN_EMPTY_BODY = YES;
				CLANG_WARN_ENUM_CONVERSION = YES;
				CLANG_WARN_INFINITE_RECURSION = YES;
				CLANG_WARN_INT_CONVERSION = YES;
				CLANG_WARN_NON_LITERAL_NULL_CONVERSION = YES;
				CLANG_WARN_OBJC_IMPLICIT_RETAIN_SELF = YES;
				CLANG_WARN_OBJC_LITERAL_CONVERSION = YES;
				CLANG_WARN_OBJC_ROOT_CLASS = YES_ERROR;
				CLANG_WARN_QUOTED_INCLUDE_IN_FRAMEWORK_HEADER = YES;
				CLANG_WARN_RANGE_LOOP_ANALYSIS = YES;
				CLANG_WARN_STRICT_PROTOTYPES = YES;
				CLANG_WARN_SUSPICIOUS_MOVE = YES;
				CLANG_WARN_UNGUARDED_AVAILABILITY = YES_AGGRESSIVE;
				CLANG_WARN_UNREACHABLE_CODE = YES;
				CLANG_WARN__DUPLICATE_METHOD_MATCH = YES;
				COPY_PHASE_STRIP = NO;
				DEBUG_INFORMATION_FORMAT = dwarf;
				ENABLE_STRICT_OBJC_MSGSEND = YES;
				ENABLE_TESTABILITY = YES;
				GCC_C_LANGUAGE_STANDARD = gnu11;
				GCC_DYNAMIC_NO_PIC = NO;
				GCC_NO_COMMON_BLOCKS = YES;
				GCC_OPTIMIZATION_LEVEL = 0;
				GCC_PREPROCESSOR_DEFINITIONS = (
					"DEBUG=1",
					"$(inherited)",
				);
				GCC_WARN_64_TO_32_BIT_CONVERSION = YES;
				GCC_WARN_ABOUT_RETURN_TYPE = YES_ERROR;
				GCC_WARN_UNDECLARED_SELECTOR = YES;
				GCC_WARN_UNINITIALIZED_AUTOS = YES_AGGRESSIVE;
				GCC_WARN_UNUSED_FUNCTION = YES;
				GCC_WARN_UNUSED_VARIABLE = YES;
				IPHONEOS_DEPLOYMENT_TARGET = 14.4;
				MTL_ENABLE_DEBUG_INFO = INCLUDE_SOURCE;
				MTL_FAST_MATH = YES;
				ONLY_ACTIVE_ARCH = YES;
				SDKROOT = iphoneos;
				SWIFT_ACTIVE_COMPILATION_CONDITIONS = DEBUG;
				SWIFT_OPTIMIZATION_LEVEL = "-Onone";
			};
			name = Debug;
		};
		D26ACDEA287FA3A000E1EFA8 /* Release */ = {
			isa = XCBuildConfiguration;
			buildSettings = {
				ALWAYS_SEARCH_USER_PATHS = NO;
				CLANG_ANALYZER_NONNULL = YES;
				CLANG_ANALYZER_NUMBER_OBJECT_CONVERSION = YES_AGGRESSIVE;
				CLANG_CXX_LANGUAGE_STANDARD = "gnu++14";
				CLANG_CXX_LIBRARY = "libc++";
				CLANG_ENABLE_MODULES = YES;
				CLANG_ENABLE_OBJC_ARC = YES;
				CLANG_ENABLE_OBJC_WEAK = YES;
				CLANG_WARN_BLOCK_CAPTURE_AUTORELEASING = YES;
				CLANG_WARN_BOOL_CONVERSION = YES;
				CLANG_WARN_COMMA = YES;
				CLANG_WARN_CONSTANT_CONVERSION = YES;
				CLANG_WARN_DEPRECATED_OBJC_IMPLEMENTATIONS = YES;
				CLANG_WARN_DIRECT_OBJC_ISA_USAGE = YES_ERROR;
				CLANG_WARN_DOCUMENTATION_COMMENTS = YES;
				CLANG_WARN_EMPTY_BODY = YES;
				CLANG_WARN_ENUM_CONVERSION = YES;
				CLANG_WARN_INFINITE_RECURSION = YES;
				CLANG_WARN_INT_CONVERSION = YES;
				CLANG_WARN_NON_LITERAL_NULL_CONVERSION = YES;
				CLANG_WARN_OBJC_IMPLICIT_RETAIN_SELF = YES;
				CLANG_WARN_OBJC_LITERAL_CONVERSION = YES;
				CLANG_WARN_OBJC_ROOT_CLASS = YES_ERROR;
				CLANG_WARN_QUOTED_INCLUDE_IN_FRAMEWORK_HEADER = YES;
				CLANG_WARN_RANGE_LOOP_ANALYSIS = YES;
				CLANG_WARN_STRICT_PROTOTYPES = YES;
				CLANG_WARN_SUSPICIOUS_MOVE = YES;
				CLANG_WARN_UNGUARDED_AVAILABILITY = YES_AGGRESSIVE;
				CLANG_WARN_UNREACHABLE_CODE = YES;
				CLANG_WARN__DUPLICATE_METHOD_MATCH = YES;
				COPY_PHASE_STRIP = NO;
				DEBUG_INFORMATION_FORMAT = "dwarf-with-dsym";
				ENABLE_NS_ASSERTIONS = NO;
				ENABLE_STRICT_OBJC_MSGSEND = YES;
				GCC_C_LANGUAGE_STANDARD = gnu11;
				GCC_NO_COMMON_BLOCKS = YES;
				GCC_WARN_64_TO_32_BIT_CONVERSION = YES;
				GCC_WARN_ABOUT_RETURN_TYPE = YES_ERROR;
				GCC_WARN_UNDECLARED_SELECTOR = YES;
				GCC_WARN_UNINITIALIZED_AUTOS = YES_AGGRESSIVE;
				GCC_WARN_UNUSED_FUNCTION = YES;
				GCC_WARN_UNUSED_VARIABLE = YES;
				IPHONEOS_DEPLOYMENT_TARGET = 14.4;
				MTL_ENABLE_DEBUG_INFO = NO;
				MTL_FAST_MATH = YES;
				SDKROOT = iphoneos;
				SWIFT_COMPILATION_MODE = wholemodule;
				SWIFT_OPTIMIZATION_LEVEL = "-O";
				VALIDATE_PRODUCT = YES;
			};
			name = Release;
		};
		D26ACDEC287FA3A000E1EFA8 /* Debug */ = {
			isa = XCBuildConfiguration;
			buildSettings = {
				ASSETCATALOG_COMPILER_APPICON_NAME = AppIcon;
				ASSETCATALOG_COMPILER_GLOBAL_ACCENT_COLOR_NAME = AccentColor;
				CODE_SIGN_STYLE = Automatic;
				DEVELOPMENT_ASSET_PATHS = "\"ConwaysLife/Preview Content\"";
				DEVELOPMENT_TEAM = 853SVUN2DL;
				ENABLE_PREVIEWS = YES;
				INFOPLIST_FILE = ConwaysLife/Info.plist;
				IPHONEOS_DEPLOYMENT_TARGET = 14.0;
				LD_RUNPATH_SEARCH_PATHS = (
					"$(inherited)",
					"@executable_path/Frameworks",
				);
				PRODUCT_BUNDLE_IDENTIFIER = com.nalex.ConwaysLife;
				PRODUCT_NAME = "$(TARGET_NAME)";
				SWIFT_VERSION = 5.0;
				TARGETED_DEVICE_FAMILY = "1,2";
			};
			name = Debug;
		};
		D26ACDED287FA3A000E1EFA8 /* Release */ = {
			isa = XCBuildConfiguration;
			buildSettings = {
				ASSETCATALOG_COMPILER_APPICON_NAME = AppIcon;
				ASSETCATALOG_COMPILER_GLOBAL_ACCENT_COLOR_NAME = AccentColor;
				CODE_SIGN_STYLE = Automatic;
				DEVELOPMENT_ASSET_PATHS = "\"ConwaysLife/Preview Content\"";
				DEVELOPMENT_TEAM = 853SVUN2DL;
				ENABLE_PREVIEWS = YES;
				INFOPLIST_FILE = ConwaysLife/Info.plist;
				IPHONEOS_DEPLOYMENT_TARGET = 14.0;
				LD_RUNPATH_SEARCH_PATHS = (
					"$(inherited)",
					"@executable_path/Frameworks",
				);
				PRODUCT_BUNDLE_IDENTIFIER = com.nalex.ConwaysLife;
				PRODUCT_NAME = "$(TARGET_NAME)";
				SWIFT_VERSION = 5.0;
				TARGETED_DEVICE_FAMILY = "1,2";
			};
			name = Release;
		};
		D26ACDEF287FA3A000E1EFA8 /* Debug */ = {
			isa = XCBuildConfiguration;
			buildSettings = {
				ALWAYS_EMBED_SWIFT_STANDARD_LIBRARIES = YES;
				BUNDLE_LOADER = "$(TEST_HOST)";
				CODE_SIGN_STYLE = Automatic;
				DEVELOPMENT_TEAM = 853SVUN2DL;
				INFOPLIST_FILE = ConwaysLifeTests/Info.plist;
				IPHONEOS_DEPLOYMENT_TARGET = 14.0;
				LD_RUNPATH_SEARCH_PATHS = (
					"$(inherited)",
					"@executable_path/Frameworks",
					"@loader_path/Frameworks",
				);
				PRODUCT_BUNDLE_IDENTIFIER = com.nalex.ConwaysLifeTests;
				PRODUCT_NAME = "$(TARGET_NAME)";
				SWIFT_VERSION = 5.0;
				TARGETED_DEVICE_FAMILY = "1,2";
				TEST_HOST = "$(BUILT_PRODUCTS_DIR)/ConwaysLife.app/ConwaysLife";
			};
			name = Debug;
		};
		D26ACDF0287FA3A000E1EFA8 /* Release */ = {
			isa = XCBuildConfiguration;
			buildSettings = {
				ALWAYS_EMBED_SWIFT_STANDARD_LIBRARIES = YES;
				BUNDLE_LOADER = "$(TEST_HOST)";
				CODE_SIGN_STYLE = Automatic;
				DEVELOPMENT_TEAM = 853SVUN2DL;
				INFOPLIST_FILE = ConwaysLifeTests/Info.plist;
				IPHONEOS_DEPLOYMENT_TARGET = 14.0;
				LD_RUNPATH_SEARCH_PATHS = (
					"$(inherited)",
					"@executable_path/Frameworks",
					"@loader_path/Frameworks",
				);
				PRODUCT_BUNDLE_IDENTIFIER = com.nalex.ConwaysLifeTests;
				PRODUCT_NAME = "$(TARGET_NAME)";
				SWIFT_VERSION = 5.0;
				TARGETED_DEVICE_FAMILY = "1,2";
				TEST_HOST = "$(BUILT_PRODUCTS_DIR)/ConwaysLife.app/ConwaysLife";
			};
			name = Release;
		};
		D26ACDF2287FA3A000E1EFA8 /* Debug */ = {
			isa = XCBuildConfiguration;
			buildSettings = {
				ALWAYS_EMBED_SWIFT_STANDARD_LIBRARIES = YES;
				CODE_SIGN_STYLE = Automatic;
				DEVELOPMENT_TEAM = 853SVUN2DL;
				INFOPLIST_FILE = ConwaysLifeUITests/Info.plist;
				LD_RUNPATH_SEARCH_PATHS = (
					"$(inherited)",
					"@executable_path/Frameworks",
					"@loader_path/Frameworks",
				);
				PRODUCT_BUNDLE_IDENTIFIER = com.nalex.ConwaysLifeUITests;
				PRODUCT_NAME = "$(TARGET_NAME)";
				SWIFT_VERSION = 5.0;
				TARGETED_DEVICE_FAMILY = "1,2";
				TEST_TARGET_NAME = ConwaysLife;
			};
			name = Debug;
		};
		D26ACDF3287FA3A000E1EFA8 /* Release */ = {
			isa = XCBuildConfiguration;
			buildSettings = {
				ALWAYS_EMBED_SWIFT_STANDARD_LIBRARIES = YES;
				CODE_SIGN_STYLE = Automatic;
				DEVELOPMENT_TEAM = 853SVUN2DL;
				INFOPLIST_FILE = ConwaysLifeUITests/Info.plist;
				LD_RUNPATH_SEARCH_PATHS = (
					"$(inherited)",
					"@executable_path/Frameworks",
					"@loader_path/Frameworks",
				);
				PRODUCT_BUNDLE_IDENTIFIER = com.nalex.ConwaysLifeUITests;
				PRODUCT_NAME = "$(TARGET_NAME)";
				SWIFT_VERSION = 5.0;
				TARGETED_DEVICE_FAMILY = "1,2";
				TEST_TARGET_NAME = ConwaysLife;
			};
			name = Release;
		};
/* End XCBuildConfiguration section */

/* Begin XCConfigurationList section */
		D26ACDC1287FA39D00E1EFA8 /* Build configuration list for PBXProject "ConwaysLife" */ = {
			isa = XCConfigurationList;
			buildConfigurations = (
				D26ACDE9287FA3A000E1EFA8 /* Debug */,
				D26ACDEA287FA3A000E1EFA8 /* Release */,
			);
			defaultConfigurationIsVisible = 0;
			defaultConfigurationName = Release;
		};
		D26ACDEB287FA3A000E1EFA8 /* Build configuration list for PBXNativeTarget "ConwaysLife" */ = {
			isa = XCConfigurationList;
			buildConfigurations = (
				D26ACDEC287FA3A000E1EFA8 /* Debug */,
				D26ACDED287FA3A000E1EFA8 /* Release */,
			);
			defaultConfigurationIsVisible = 0;
			defaultConfigurationName = Release;
		};
		D26ACDEE287FA3A000E1EFA8 /* Build configuration list for PBXNativeTarget "ConwaysLifeTests" */ = {
			isa = XCConfigurationList;
			buildConfigurations = (
				D26ACDEF287FA3A000E1EFA8 /* Debug */,
				D26ACDF0287FA3A000E1EFA8 /* Release */,
			);
			defaultConfigurationIsVisible = 0;
			defaultConfigurationName = Release;
		};
		D26ACDF1287FA3A000E1EFA8 /* Build configuration list for PBXNativeTarget "ConwaysLifeUITests" */ = {
			isa = XCConfigurationList;
			buildConfigurations = (
				D26ACDF2287FA3A000E1EFA8 /* Debug */,
				D26ACDF3287FA3A000E1EFA8 /* Release */,
			);
			defaultConfigurationIsVisible = 0;
			defaultConfigurationName = Release;
		};
/* End XCConfigurationList section */
	};
	rootObject = D26ACDBE287FA39D00E1EFA8 /* Project object */;
}
